
Microsoft Visual Studio Solution File, Format Version 12.00
# Visual Studio Version 17
VisualStudioVersion = 17.7.34031.279
MinimumVisualStudioVersion = 10.0.40219.1
Project("{FAE04EC0-301F-11D3-BF4B-00C04F79EFBC}") = "ContourChecker", "ContourChecker.csproj", "{3718A9CB-D20C-426F-B506-C039562567AB}"
EndProject
Global
	GlobalSection(SolutionConfigurationPlatforms) = preSolution
		Debug|Any CPU = Debug|Any CPU
		Release|Any CPU = Release|Any CPU
	EndGlobalSection
	GlobalSection(ProjectConfigurationPlatforms) = postSolution
		{3718A9CB-D20C-426F-B506-C039562567AB}.Debug|Any CPU.ActiveCfg = Debug|Any CPU
		{3718A9CB-D20C-426F-B506-C039562567AB}.Debug|Any CPU.Build.0 = Debug|Any CPU
		{3718A9CB-D20C-426F-B506-C039562567AB}.Release|Any CPU.ActiveCfg = Release|Any CPU
		{3718A9CB-D20C-426F-B506-C039562567AB}.Release|Any CPU.Build.0 = Release|Any CPU
	EndGlobalSection
	GlobalSection(SolutionProperties) = preSolution
		HideSolutionNode = FALSE
	EndGlobalSection
	GlobalSection(ExtensibilityGlobals) = postSolution
		SolutionGuid = {02D81C5C-5D95-4F7C-9525-072924FCC3B0}
	EndGlobalSection
EndGlobal
